
Microsoft Visual Studio Solution File, Format Version 12.00
# Visual Studio 15
VisualStudioVersion = 15.0.27703.2000
MinimumVisualStudioVersion = 10.0.40219.1
Project("{FAE04EC0-301F-11D3-BF4B-00C04F79EFBC}") = "RosBridgeClient", "RosBridgeClient.csproj", "{27CD898A-8840-4CDD-A475-4A672FD2EF50}"
EndProject
Global
	GlobalSection(SolutionConfigurationPlatforms) = preSolution
		Debug|Any CPU = Debug|Any CPU
		Release|Any CPU = Release|Any CPU
	EndGlobalSection
	GlobalSection(ProjectConfigurationPlatforms) = postSolution
		{27CD898A-8840-4CDD-A475-4A672FD2EF50}.Debug|Any CPU.ActiveCfg = Release|Any CPU
		{27CD898A-8840-4CDD-A475-4A672FD2EF50}.Debug|Any CPU.Build.0 = Release|Any CPU
		{27CD898A-8840-4CDD-A475-4A672FD2EF50}.Release|Any CPU.ActiveCfg = Release|Any CPU
		{27CD898A-8840-4CDD-A475-4A672FD2EF50}.Release|Any CPU.Build.0 = Release|Any CPU
	EndGlobalSection
	GlobalSection(SolutionProperties) = preSolution
		HideSolutionNode = FALSE
	EndGlobalSection
	GlobalSection(ExtensibilityGlobals) = postSolution
		SolutionGuid = {B5F926D4-3A9A-4E46-B7C7-F982F1A29705}
	EndGlobalSection
EndGlobal
